dependencies:
- name: prysm
  repository: https://ethpandaops.github.io/ethereum-helm-charts
  version: 0.2.7
- name: geth
  repository: https://ethpandaops.github.io/ethereum-helm-charts
  version: 0.3.4
digest: sha256:a7981539ad6cb141a478206b65b031f6bb32ef1665e4c6716e3558fb20a90e50
generated: "2023-01-26T11:10:14.422275+01:00"
