dependencies:
- name: rpc-proxy
  repository: https://ethpandaops.github.io/ethereum-helm-charts
  version: 0.1.1
- name: testnet-homepage
  repository: https://ethpandaops.github.io/ethereum-helm-charts
  version: 0.2.1
- name: fauceth
  repository: https://ethpandaops.github.io/ethereum-helm-charts
  version: 0.2.2
- name: blockscout
  repository: https://ethpandaops.github.io/ethereum-helm-charts
  version: 0.1.3
- name: prysm
  repository: https://ethpandaops.github.io/ethereum-helm-charts
  version: 0.2.7
- name: geth
  repository: https://ethpandaops.github.io/ethereum-helm-charts
  version: 0.3.4
- name: mongodb
  repository: https://charts.bitnami.com/bitnami
  version: 13.6.4
- name: blobscan
  repository: https://ethpandaops.github.io/ethereum-helm-charts
  version: 0.1.0
- name: blobscan-indexer
  repository: https://ethpandaops.github.io/ethereum-helm-charts
  version: 0.1.0
- name: forkmon
  repository: https://ethpandaops.github.io/ethereum-helm-charts
  version: 0.1.3
- name: beaconchain-explorer
  repository: https://ethpandaops.github.io/ethereum-helm-charts
  version: 0.1.3
digest: sha256:a1e110846df7905b44cf7b84f988020c1f767c5d47ceec76095de90f8a619c67
generated: "2023-01-24T14:35:56.474222+01:00"
