dependencies:
- name: blobscan
  repository: https://blobscan.github.io/blobscan-helm-charts/
  version: 0.2.12
- name: blobscan-api
  repository: https://blobscan.github.io/blobscan-helm-charts/
  version: 0.2.8
- name: blobscan-indexer
  repository: https://blobscan.github.io/blobscan-helm-charts/
  version: 0.2.9
digest: sha256:36c11a4ce747642ed93425fab1005c035b6ddf51a33f8379c6bf81285653ffac
generated: "2023-10-31T12:15:47.73352+01:00"
