dependencies:
- name: blobscan
  repository: file:///Users/bbusa/Documents/Ethereum.nosync/blobscan-helm-charts/charts/blobscan
  version: 0.2.6
- name: blobscan-api
  repository: file:///Users/bbusa/Documents/Ethereum.nosync/blobscan-helm-charts/charts/blobscan-api
  version: 0.2.5
- name: blobscan-indexer
  repository: file:///Users/bbusa/Documents/Ethereum.nosync/blobscan-helm-charts/charts/blobscan-indexer
  version: 0.2.7
- name: postgresql
  repository: https://charts.bitnami.com/bitnami
  version: 12.6.0
digest: sha256:58523fab13ce8847a23cbc7588bfaa524f0a5e3a46d09225cf5f757c48420032
generated: "2023-07-04T12:50:49.665428+02:00"
