dependencies:
- name: blobscan
  repository: https://blobscan.github.io/blobscan-helm-charts/
  version: 0.2.11
- name: blobscan-api
  repository: https://blobscan.github.io/blobscan-helm-charts/
  version: 0.2.7
- name: blobscan-indexer
  repository: https://blobscan.github.io/blobscan-helm-charts/
  version: 0.2.9
digest: sha256:95e6b6d82863dfadec93ffde211158a8a988cf9c34ce27550ca434605cbd17d2
generated: "2023-08-30T13:59:44.346524+02:00"
