dependencies:
- name: blobscan
  repository: https://blobscan.github.io/blobscan-helm-charts
  version: 0.2.9
- name: blobscan-api
  repository: https://blobscan.github.io/blobscan-helm-charts
  version: 0.2.7
- name: blobscan-indexer
  repository: https://blobscan.github.io/blobscan-helm-charts
  version: 0.2.9
digest: sha256:18fcacba664c668abef5bbce2a0256023d3424043815c611dc3aa4cf4e142128
generated: "2023-08-28T10:05:23.365555+02:00"
