dependencies:
- name: blobscan
  repository: https://blobscan.github.io/blobscan-helm-charts
  version: 0.2.4
- name: blobscan-api
  repository: https://blobscan.github.io/blobscan-helm-charts
  version: 0.2.3
- name: blobscan-indexer
  repository: https://blobscan.github.io/blobscan-helm-charts
  version: 0.2.4
digest: sha256:0adc4600da3397f100319686d1739dd051cbb1683fe9bbd96ebf6f12bfcce220
generated: "2023-05-25T17:20:57.517345+02:00"
