dependencies:
- name: blobscan
  repository: https://blobscan.github.io/blobscan-helm-charts
  version: 0.2.4
- name: blobscan-api
  repository: https://blobscan.github.io/blobscan-helm-charts
  version: 0.2.3
- name: blobscan-indexer
  repository: https://blobscan.github.io/blobscan-helm-charts
  version: 0.2.5
digest: sha256:ac6b9732d2f50e20448fabb884da3ec1e242394abc987eaa469e2e372a8d44d3
generated: "2023-06-07T18:15:07.665197764Z"
