dependencies:
- name: blobscan
  repository: https://blobscan.github.io/blobscan-helm-charts
  version: 0.2.5
- name: blobscan-api
  repository: https://blobscan.github.io/blobscan-helm-charts
  version: 0.2.4
- name: blobscan-indexer
  repository: https://blobscan.github.io/blobscan-helm-charts
  version: 0.2.5
digest: sha256:ec57f5abcaa07bb14e99127605c4ff57b8962d7b9d871a0edb642edbdd553a89
generated: "2023-06-15T15:46:00.171032+02:00"
