dependencies:
- name: blobscan
  repository: https://blobscan.github.io/blobscan-helm-charts
  version: 0.2.3
- name: blobscan-api
  repository: https://blobscan.github.io/blobscan-helm-charts
  version: 0.2.3
- name: blobscan-indexer
  repository: https://blobscan.github.io/blobscan-helm-charts
  version: 0.2.3
digest: sha256:208867291824949245070361fdb6ea28ab6c938952faf0552b2b6c070997be2f
generated: "2023-05-25T14:57:26.329220016+02:00"
